
Microsoft Visual Studio Solution File, Format Version 12.00
# Visual Studio Version 16
VisualStudioVersion = 16.0.30413.136
MinimumVisualStudioVersion = 10.0.40219.1
Project("{FAE04EC0-301F-11D3-BF4B-00C04F79EFBC}") = "StudentManagement", "StudentManagement\StudentManagement.csproj", "{E9EE7781-9C33-4508-844C-27E1CFE290D8}"
EndProject
Global
	GlobalSection(SolutionConfigurationPlatforms) = preSolution
		Debug|Any CPU = Debug|Any CPU
		Release|Any CPU = Release|Any CPU
	EndGlobalSection
	GlobalSection(ProjectConfigurationPlatforms) = postSolution
		{E9EE7781-9C33-4508-844C-27E1CFE290D8}.Debug|Any CPU.ActiveCfg = Debug|Any CPU
		{E9EE7781-9C33-4508-844C-27E1CFE290D8}.Debug|Any CPU.Build.0 = Debug|Any CPU
		{E9EE7781-9C33-4508-844C-27E1CFE290D8}.Release|Any CPU.ActiveCfg = Release|Any CPU
		{E9EE7781-9C33-4508-844C-27E1CFE290D8}.Release|Any CPU.Build.0 = Release|Any CPU
	EndGlobalSection
	GlobalSection(SolutionProperties) = preSolution
		HideSolutionNode = FALSE
	EndGlobalSection
	GlobalSection(ExtensibilityGlobals) = postSolution
		SolutionGuid = {AE5811CE-76D0-412D-814D-888A9E376229}
	EndGlobalSection
EndGlobal
