
Microsoft Visual Studio Solution File, Format Version 12.00
# Visual Studio Version 16
VisualStudioVersion = 16.0.30621.155
MinimumVisualStudioVersion = 10.0.40219.1
Project("{FAE04EC0-301F-11D3-BF4B-00C04F79EFBC}") = "StudentManagement", "StudentManagement\StudentManagement.csproj", "{DAA52E6F-7BC3-475D-BE42-2511A605CC2D}"
EndProject
Global
	GlobalSection(SolutionConfigurationPlatforms) = preSolution
		Debug|Any CPU = Debug|Any CPU
		Release|Any CPU = Release|Any CPU
	EndGlobalSection
	GlobalSection(ProjectConfigurationPlatforms) = postSolution
		{DAA52E6F-7BC3-475D-BE42-2511A605CC2D}.Debug|Any CPU.ActiveCfg = Debug|Any CPU
		{DAA52E6F-7BC3-475D-BE42-2511A605CC2D}.Debug|Any CPU.Build.0 = Debug|Any CPU
		{DAA52E6F-7BC3-475D-BE42-2511A605CC2D}.Release|Any CPU.ActiveCfg = Release|Any CPU
		{DAA52E6F-7BC3-475D-BE42-2511A605CC2D}.Release|Any CPU.Build.0 = Release|Any CPU
	EndGlobalSection
	GlobalSection(SolutionProperties) = preSolution
		HideSolutionNode = FALSE
	EndGlobalSection
	GlobalSection(ExtensibilityGlobals) = postSolution
		SolutionGuid = {2622EFC6-E8FC-4DD2-81AE-82EE3C5F8061}
	EndGlobalSection
EndGlobal
